# This file was autogenerated by uv via the following command:
#    uv pip compile quantization/build-requirements.in --python-version 3.14 --universal --generate-hashes --output-file quantization/build-requirements.lock
cmake==4.4.2 \
    --hash=sha256:00195668e40e5dd0d51244e31d15fabb79b97c5e154f9f78b4240f152198c2eb \
    --hash=sha256:00a0a207efc83019b55f617b93b2592c2616aebd9c4eeab83ec076dc2a9b84a4 \
    --hash=sha256:0220135cceb78530e79e2b5cd0392672e4c524178db768a5f940ea24520e1359 \
    --hash=sha256:109af09f308fd53ddc44bbc23536b6ecb72db53f0218f611efccd9871b19f39f \
    --hash=sha256:1358f355578d19397f87955d4204f737bb399ba36cce59be5853976912836b32 \
    --hash=sha256:269f84ede6543c5d65249dd685db6125a962e5928b7eafd0ed3acdd2b600aa9e \
    --hash=sha256:27b024e903ef985b37183d754a5c61230b56b41fe0971cd44b71b80c787ec594 \
    --hash=sha256:41e2a04663685304222ba03fb5bed8db52480854aa873cbae1478eedf3a8ec1a \
    --hash=sha256:4eb0e17af8344d3063ce0c1a38a156eb7bbe3447f984ad12629a40f5c967fedd \
    --hash=sha256:6af2e0585239627f85f49a8f90761ce4560c671daae1d5e8d2b5f059dc7d22de \
    --hash=sha256:7a0279d3006c961ba1d62fe4383919ebcb7b770fb3357f6ae1309ca89210183b \
    --hash=sha256:93b06166210e478783e3078612144700d44e0492fe7efd6fcd00e4061bc709a6 \
    --hash=sha256:a3580e0c30755c36b48edbbf471aaeb5d07858de0281e58a4a598dfa52a0f05d \
    --hash=sha256:b0a9bb2fa889773c3ff719130064de28edd36fd3e916b46e576243a6f16f033f \
    --hash=sha256:c28388fe95298486169c45c0ec8bdf067aabcb59273b98a4cdae8be5cd9c74f3 \
    --hash=sha256:e58296c6e0c04dec37fc28cbf56ca7150646c948dddab2b0d6f8a0a466e7f1ca \
    --hash=sha256:e5b51faffe02ca78ed4f6b9afbe6dee8d25ab36e9a9365f510e890a16db76013 \
    --hash=sha256:ea5c206308f8eefc0be7cbeeee93b8b192b6af7338741b6d12fe387234bb7920 \
    --hash=sha256:fc9d9f95dc9a542db99ca96cba1c275adeeb497ff2e134c780a9677b8578bd05
    # via -r quantization/build-requirements.in
ninja==1.13.0 \
    --hash=sha256:11be2d22027bde06f14c343f01d31446747dbb51e72d00decca2eb99be911e2f \
    --hash=sha256:1c97223cdda0417f414bf864cfb73b72d8777e57ebb279c5f6de368de0062988 \
    --hash=sha256:3c0b40b1f0bba764644385319028650087b4c1b18cdfa6f45cb39a3669b81aa9 \
    --hash=sha256:3d00c692fb717fd511abeb44b8c5d00340c36938c12d6538ba989fe764e79630 \
    --hash=sha256:3d7d7779d12cb20c6d054c61b702139fd23a7a964ec8f2c823f1ab1b084150db \
    --hash=sha256:4a40ce995ded54d9dc24f8ea37ff3bf62ad192b547f6c7126e7e25045e76f978 \
    --hash=sha256:4be9c1b082d244b1ad7ef41eb8ab088aae8c109a9f3f0b3e56a252d3e00f42c1 \
    --hash=sha256:5f8e1e8a1a30835eeb51db05cf5a67151ad37542f5a4af2a438e9490915e5b72 \
    --hash=sha256:60056592cf495e9a6a4bea3cd178903056ecb0943e4de45a2ea825edb6dc8d3e \
    --hash=sha256:6739d3352073341ad284246f81339a384eec091d9851a886dfa5b00a6d48b3e2 \
    --hash=sha256:8cfbb80b4a53456ae8a39f90ae3d7a2129f45ea164f43fadfa15dc38c4aef1c9 \
    --hash=sha256:aa45b4037b313c2f698bc13306239b8b93b4680eb47e287773156ac9e9304714 \
    --hash=sha256:b4f2a072db3c0f944c32793e91532d8948d20d9ab83da9c0c7c15b5768072200 \
    --hash=sha256:be7f478ff9f96a128b599a964fc60a6a87b9fa332ee1bd44fa243ac88d50291c \
    --hash=sha256:d741a5e6754e0bda767e3274a0f0deeef4807f1fec6c0d7921a0244018926ae5 \
    --hash=sha256:e8bad11f8a00b64137e9b315b137d8bb6cbf3086fbdc43bf1f90fd33324d2e96 \
    --hash=sha256:fa2a8bfc62e31b08f83127d1613d10821775a0eb334197154c4d6067b7068ff1 \
    --hash=sha256:fb46acf6b93b8dd0322adc3a4945452a4e774b75b91293bafcc7b7f8e6517dfa \
    --hash=sha256:fb8ee8719f8af47fed145cced4a85f0755dd55d45b2bddaf7431fa89803c5f3e
    # via -r quantization/build-requirements.in
packaging==26.3 \
    --hash=sha256:94edc256424af38762eb31306eed28beb9f0efc50a8837492c9d6fd6004aed79 \
    --hash=sha256:d7193f7c8e4e93f444fde0262bf90af30e16fa0ad0ad44cb553c87339b23cd1c
    # via wheel
setuptools==82.0.1 \
    --hash=sha256:7d872682c5d01cfde07da7bccc7b65469d3dca203318515ada1de5eda35efbf9 \
    --hash=sha256:a59e362652f08dcd477c78bb6e7bd9d80a7995bc73ce773050228a348ce2e5bb
    # via -r quantization/build-requirements.in
wheel==0.47.0 \
    --hash=sha256:212281cab4dff978f6cedd499cd893e1f620791ca6ff7107cf270781e587eced \
    --hash=sha256:cc72bd1009ba0cf63922e28f94d9d83b920aa2bb28f798a31d0691b02fa3c9b3
    # via -r quantization/build-requirements.in
